python-dataclasses-json:9a21c862613ab3f5d3fc70c84d11017f4b97b2a2
python-epitran:f37de6311fdd276b0a2fc022da134b0fa988925b
python-gruut-ipa:e29f8723b468126efd7de1d96397a832b3cd0a59
python-phonemes2ids:ff401217dcf49697fd72101a5b4adfe907672383
python-xdgenvpy:c166d86381f340fa4d8916786d2946e404cfb7ae
python-marshmallow-enum:4760e2efbccfa3f436f91627600a98d792ac2478
python-marisa-trie:04756f167aa77916bd60095d69a9a0548d55acfe 
python-panphon:5cc8edf21db84a759acbb83c369f829b2ae919f1
python-unicodecsv:08c83d37130b0642c44460c71cece9fbfc4d4a8b
python-num2words:0495f42fbac9f5c5b84e7805b4b30e67bbca3005
python-gruut-lang-en:1d4ef8a54659079a0d108199b2d6f339a1ddddc2
python-dateparser:451a470a0b7ed316260dce5b65a0d0d7fa34e7e1
python-convertdate:300653c39e32919c34ba7962f03f7d07975bd733
python-hijri-converter:691a54c9bf7f4a26bde3b24b575a89a4f82175d0
nsync:dbca5fbbba18dbc0f7534f14cbabf2c68a2803d5
